
Microsoft Visual Studio Solution File, Format Version 12.00
# Visual Studio Version 16
VisualStudioVersion = 16.0.30717.126
MinimumVisualStudioVersion = 10.0.40219.1
Project("{FAE04EC0-301F-11D3-BF4B-00C04F79EFBC}") = "Encrypter", "Encrypter\Encrypter.csproj", "{A3F7CB0D-2302-4C69-97F0-609AE521D531}"
EndProject
Global
	GlobalSection(SolutionConfigurationPlatforms) = preSolution
		Debug|Any CPU = Debug|Any CPU
		Debug|x64 = Debug|x64
		Release|Any CPU = Release|Any CPU
		Release|x64 = Release|x64
	EndGlobalSection
	GlobalSection(ProjectConfigurationPlatforms) = postSolution
		{A3F7CB0D-2302-4C69-97F0-609AE521D531}.Debug|Any CPU.ActiveCfg = Debug|Any CPU
		{A3F7CB0D-2302-4C69-97F0-609AE521D531}.Debug|Any CPU.Build.0 = Debug|Any CPU
		{A3F7CB0D-2302-4C69-97F0-609AE521D531}.Debug|x64.ActiveCfg = Debug|x64
		{A3F7CB0D-2302-4C69-97F0-609AE521D531}.Debug|x64.Build.0 = Debug|x64
		{A3F7CB0D-2302-4C69-97F0-609AE521D531}.Release|Any CPU.ActiveCfg = Release|Any CPU
		{A3F7CB0D-2302-4C69-97F0-609AE521D531}.Release|Any CPU.Build.0 = Release|Any CPU
		{A3F7CB0D-2302-4C69-97F0-609AE521D531}.Release|x64.ActiveCfg = Release|x64
		{A3F7CB0D-2302-4C69-97F0-609AE521D531}.Release|x64.Build.0 = Release|x64
	EndGlobalSection
	GlobalSection(SolutionProperties) = preSolution
		HideSolutionNode = FALSE
	EndGlobalSection
	GlobalSection(ExtensibilityGlobals) = postSolution
		SolutionGuid = {5267629B-AB20-4795-97A7-BB75DDF7D7BB}
	EndGlobalSection
EndGlobal
